// !$*UTF8*$!
{
	archiveVersion = 1;
	classes = {
	};
	objectVersion = 56;
	objects = {

/* Begin PBXBuildFile section */
		923003391ED84E088DD0D336 /* Pods_Test_TestUITests.framework in Frameworks */ = {isa = PBXBuildFile; fileRef = 1E9981C1BA6CBCF6615F0E11 /* Pods_Test_TestUITests.framework */; };
		9BBFBEA08E05C1C71938EA25 /* Pods_Test.framework in Frameworks */ = {isa = PBXBuildFile; fileRef = 0586A67DEE8A120D0BBE4A82 /* Pods_Test.framework */; };
		A0472F26D66EC7A4D6FEE70E /* Pods_TestTests.framework in Frameworks */ = {isa = PBXBuildFile; fileRef = B920B552EC6B3F192A3848F7 /* Pods_TestTests.framework */; };
		F139D3DD28E6F4DA00BB549F /* AppDelegate.swift in Sources */ = {isa = PBXBuildFile; fileRef = F139D3DC28E6F4DA00BB549F /* AppDelegate.swift */; };
		F139D3DF28E6F4DA00BB549F /* SceneDelegate.swift in Sources */ = {isa = PBXBuildFile; fileRef = F139D3DE28E6F4DA00BB549F /* SceneDelegate.swift */; };
		F139D3E728E6F4DA00BB549F /* Test.xcdatamodeld in Sources */ = {isa = PBXBuildFile; fileRef = F139D3E528E6F4DA00BB549F /* Test.xcdatamodeld */; };
		F139D3E928E6F4DE00BB549F /* Assets.xcassets in Resources */ = {isa = PBXBuildFile; fileRef = F139D3E828E6F4DE00BB549F /* Assets.xcassets */; };
		F139D3EC28E6F4DE00BB549F /* LaunchScreen.storyboard in Resources */ = {isa = PBXBuildFile; fileRef = F139D3EA28E6F4DE00BB549F /* LaunchScreen.storyboard */; };
		F139D3F728E6F4DE00BB549F /* TestTests.swift in Sources */ = {isa = PBXBuildFile; fileRef = F139D3F628E6F4DE00BB549F /* TestTests.swift */; };
		F139D40128E6F4DE00BB549F /* TestUITests.swift in Sources */ = {isa = PBXBuildFile; fileRef = F139D40028E6F4DE00BB549F /* TestUITests.swift */; };
		F139D40328E6F4DE00BB549F /* TestUITestsLaunchTests.swift in Sources */ = {isa = PBXBuildFile; fileRef = F139D40228E6F4DE00BB549F /* TestUITestsLaunchTests.swift */; };
		F15B32A928E7040400CAF4CB /* ProductPageViewController.swift in Sources */ = {isa = PBXBuildFile; fileRef = F15B32A828E7040400CAF4CB /* ProductPageViewController.swift */; };
		F15B32AD28E7040A00CAF4CB /* Rating.swift in Sources */ = {isa = PBXBuildFile; fileRef = F15B32AB28E7040A00CAF4CB /* Rating.swift */; };
		F15B32AE28E7040A00CAF4CB /* Product.swift in Sources */ = {isa = PBXBuildFile; fileRef = F15B32AC28E7040A00CAF4CB /* Product.swift */; };
		F15B32B228E7040F00CAF4CB /* CatalogCollectionViewCell.swift in Sources */ = {isa = PBXBuildFile; fileRef = F15B32B028E7040F00CAF4CB /* CatalogCollectionViewCell.swift */; };
		F15B32B328E7040F00CAF4CB /* CatalogCollectionViewCell.xib in Resources */ = {isa = PBXBuildFile; fileRef = F15B32B128E7040F00CAF4CB /* CatalogCollectionViewCell.xib */; };
		F15B32B728E7044B00CAF4CB /* Main.storyboard in Resources */ = {isa = PBXBuildFile; fileRef = F15B32B528E7044B00CAF4CB /* Main.storyboard */; };
		F15B32B928E705B400CAF4CB /* Networking.swift in Sources */ = {isa = PBXBuildFile; fileRef = F15B32B828E705B400CAF4CB /* Networking.swift */; };
		F15B32BE28E7312600CAF4CB /* APIEndpoint.swift in Sources */ = {isa = PBXBuildFile; fileRef = F15B32BD28E7312600CAF4CB /* APIEndpoint.swift */; };
		F15B32BF28E7391200CAF4CB /* Networking.swift in Sources */ = {isa = PBXBuildFile; fileRef = F15B32B828E705B400CAF4CB /* Networking.swift */; };
		F15B32C028E73A7B00CAF4CB /* APIEndpoint.swift in Sources */ = {isa = PBXBuildFile; fileRef = F15B32BD28E7312600CAF4CB /* APIEndpoint.swift */; };
/* End PBXBuildFile section */

/* Begin PBXContainerItemProxy section */
		F139D3F328E6F4DE00BB549F /* PBXContainerItemProxy */ = {
			isa = PBXContainerItemProxy;
			containerPortal = F139D3D128E6F4DA00BB549F /* Project object */;
			proxyType = 1;
			remoteGlobalIDString = F139D3D828E6F4DA00BB549F;
			remoteInfo = Test;
		};
		F139D3FD28E6F4DE00BB549F /* PBXContainerItemProxy */ = {
			isa = PBXContainerItemProxy;
			containerPortal = F139D3D128E6F4DA00BB549F /* Project object */;
			proxyType = 1;
			remoteGlobalIDString = F139D3D828E6F4DA00BB549F;
			remoteInfo = Test;
		};
/* End PBXContainerItemProxy section */

/* Begin PBXFileReference section */
		0586A67DEE8A120D0BBE4A82 /* Pods_Test.framework */ = {isa = PBXFileReference; explicitFileType = wrapper.framework; includeInIndex = 0; path = Pods_Test.framework; sourceTree = BUILT_PRODUCTS_DIR; };
		1B9BD97A7F1A3F44D5DAD659 /* Pods-Test.debug.xcconfig */ = {isa = PBXFileReference; includeInIndex = 1; lastKnownFileType = text.xcconfig; name = "Pods-Test.debug.xcconfig"; path = "Target Support Files/Pods-Test/Pods-Test.debug.xcconfig"; sourceTree = "<group>"; };
		1E9981C1BA6CBCF6615F0E11 /* Pods_Test_TestUITests.framework */ = {isa = PBXFileReference; explicitFileType = wrapper.framework; includeInIndex = 0; path = Pods_Test_TestUITests.framework; sourceTree = BUILT_PRODUCTS_DIR; };
		3DABEFFE606AD37F6C6035CC /* Pods-TestTests.release.xcconfig */ = {isa = PBXFileReference; includeInIndex = 1; lastKnownFileType = text.xcconfig; name = "Pods-TestTests.release.xcconfig"; path = "Target Support Files/Pods-TestTests/Pods-TestTests.release.xcconfig"; sourceTree = "<group>"; };
		40EAFD228114562A81F9C439 /* Pods-Test.release.xcconfig */ = {isa = PBXFileReference; includeInIndex = 1; lastKnownFileType = text.xcconfig; name = "Pods-Test.release.xcconfig"; path = "Target Support Files/Pods-Test/Pods-Test.release.xcconfig"; sourceTree = "<group>"; };
		4ABE048BA2F5F5915D4820B3 /* Pods-Test-TestUITests.debug.xcconfig */ = {isa = PBXFileReference; includeInIndex = 1; lastKnownFileType = text.xcconfig; name = "Pods-Test-TestUITests.debug.xcconfig"; path = "Target Support Files/Pods-Test-TestUITests/Pods-Test-TestUITests.debug.xcconfig"; sourceTree = "<group>"; };
		72282947451C18AFF720DBF1 /* Pods-TestTests.debug.xcconfig */ = {isa = PBXFileReference; includeInIndex = 1; lastKnownFileType = text.xcconfig; name = "Pods-TestTests.debug.xcconfig"; path = "Target Support Files/Pods-TestTests/Pods-TestTests.debug.xcconfig"; sourceTree = "<group>"; };
		B920B552EC6B3F192A3848F7 /* Pods_TestTests.framework */ = {isa = PBXFileReference; explicitFileType = wrapper.framework; includeInIndex = 0; path = Pods_TestTests.framework; sourceTree = BUILT_PRODUCTS_DIR; };
		E4B481E8EBEF9FE2904A53DE /* Pods-Test-TestUITests.release.xcconfig */ = {isa = PBXFileReference; includeInIndex = 1; lastKnownFileType = text.xcconfig; name = "Pods-Test-TestUITests.release.xcconfig"; path = "Target Support Files/Pods-Test-TestUITests/Pods-Test-TestUITests.release.xcconfig"; sourceTree = "<group>"; };
		F139D3D928E6F4DA00BB549F /* Test.app */ = {isa = PBXFileReference; explicitFileType = wrapper.application; includeInIndex = 0; path = Test.app; sourceTree = BUILT_PRODUCTS_DIR; };
		F139D3DC28E6F4DA00BB549F /* AppDelegate.swift */ = {isa = PBXFileReference; lastKnownFileType = sourcecode.swift; path = AppDelegate.swift; sourceTree = "<group>"; };
		F139D3DE28E6F4DA00BB549F /* SceneDelegate.swift */ = {isa = PBXFileReference; lastKnownFileType = sourcecode.swift; path = SceneDelegate.swift; sourceTree = "<group>"; };
		F139D3E628E6F4DA00BB549F /* Test.xcdatamodel */ = {isa = PBXFileReference; lastKnownFileType = wrapper.xcdatamodel; path = Test.xcdatamodel; sourceTree = "<group>"; };
		F139D3E828E6F4DE00BB549F /* Assets.xcassets */ = {isa = PBXFileReference; lastKnownFileType = folder.assetcatalog; path = Assets.xcassets; sourceTree = "<group>"; };
		F139D3EB28E6F4DE00BB549F /* Base */ = {isa = PBXFileReference; lastKnownFileType = file.storyboard; name = Base; path = Base.lproj/LaunchScreen.storyboard; sourceTree = "<group>"; };
		F139D3ED28E6F4DE00BB549F /* Info.plist */ = {isa = PBXFileReference; lastKnownFileType = text.plist.xml; path = Info.plist; sourceTree = "<group>"; };
		F139D3F228E6F4DE00BB549F /* TestTests.xctest */ = {isa = PBXFileReference; explicitFileType = wrapper.cfbundle; includeInIndex = 0; path = TestTests.xctest; sourceTree = BUILT_PRODUCTS_DIR; };
		F139D3F628E6F4DE00BB549F /* TestTests.swift */ = {isa = PBXFileReference; lastKnownFileType = sourcecode.swift; path = TestTests.swift; sourceTree = "<group>"; };
		F139D3FC28E6F4DE00BB549F /* TestUITests.xctest */ = {isa = PBXFileReference; explicitFileType = wrapper.cfbundle; includeInIndex = 0; path = TestUITests.xctest; sourceTree = BUILT_PRODUCTS_DIR; };
		F139D40028E6F4DE00BB549F /* TestUITests.swift */ = {isa = PBXFileReference; lastKnownFileType = sourcecode.swift; path = TestUITests.swift; sourceTree = "<group>"; };
		F139D40228E6F4DE00BB549F /* TestUITestsLaunchTests.swift */ = {isa = PBXFileReference; lastKnownFileType = sourcecode.swift; path = TestUITestsLaunchTests.swift; sourceTree = "<group>"; };
		F15B32A828E7040400CAF4CB /* ProductPageViewController.swift */ = {isa = PBXFileReference; fileEncoding = 4; lastKnownFileType = sourcecode.swift; path = ProductPageViewController.swift; sourceTree = "<group>"; };
		F15B32AB28E7040A00CAF4CB /* Rating.swift */ = {isa = PBXFileReference; fileEncoding = 4; lastKnownFileType = sourcecode.swift; path = Rating.swift; sourceTree = "<group>"; };
		F15B32AC28E7040A00CAF4CB /* Product.swift */ = {isa = PBXFileReference; fileEncoding = 4; lastKnownFileType = sourcecode.swift; path = Product.swift; sourceTree = "<group>"; };
		F15B32B028E7040F00CAF4CB /* CatalogCollectionViewCell.swift */ = {isa = PBXFileReference; fileEncoding = 4; lastKnownFileType = sourcecode.swift; path = CatalogCollectionViewCell.swift; sourceTree = "<group>"; };
		F15B32B128E7040F00CAF4CB /* CatalogCollectionViewCell.xib */ = {isa = PBXFileReference; fileEncoding = 4; lastKnownFileType = file.xib; path = CatalogCollectionViewCell.xib; sourceTree = "<group>"; };
		F15B32B628E7044B00CAF4CB /* Base */ = {isa = PBXFileReference; lastKnownFileType = file.storyboard; name = Base; path = Base.lproj/Main.storyboard; sourceTree = "<group>"; };
		F15B32B828E705B400CAF4CB /* Networking.swift */ = {isa = PBXFileReference; lastKnownFileType = sourcecode.swift; path = Networking.swift; sourceTree = "<group>"; };
		F15B32BD28E7312600CAF4CB /* APIEndpoint.swift */ = {isa = PBXFileReference; lastKnownFileType = sourcecode.swift; path = APIEndpoint.swift; sourceTree = "<group>"; };
/* End PBXFileReference section */

/* Begin PBXFrameworksBuildPhase section */
		F139D3D628E6F4DA00BB549F /* Frameworks */ = {
			isa = PBXFrameworksBuildPhase;
			buildActionMask = 2147483647;
			files = (
				9BBFBEA08E05C1C71938EA25 /* Pods_Test.framework in Frameworks */,
			);
			runOnlyForDeploymentPostprocessing = 0;
		};
		F139D3EF28E6F4DE00BB549F /* Frameworks */ = {
			isa = PBXFrameworksBuildPhase;
			buildActionMask = 2147483647;
			files = (
				A0472F26D66EC7A4D6FEE70E /* Pods_TestTests.framework in Frameworks */,
			);
			runOnlyForDeploymentPostprocessing = 0;
		};
		F139D3F928E6F4DE00BB549F /* Frameworks */ = {
			isa = PBXFrameworksBuildPhase;
			buildActionMask = 2147483647;
			files = (
				923003391ED84E088DD0D336 /* Pods_Test_TestUITests.framework in Frameworks */,
			);
			runOnlyForDeploymentPostprocessing = 0;
		};
/* End PBXFrameworksBuildPhase section */

/* Begin PBXGroup section */
		0A16EEF3785EEA054BFAC16A /* Pods */ = {
			isa = PBXGroup;
			children = (
				1B9BD97A7F1A3F44D5DAD659 /* Pods-Test.debug.xcconfig */,
				40EAFD228114562A81F9C439 /* Pods-Test.release.xcconfig */,
				4ABE048BA2F5F5915D4820B3 /* Pods-Test-TestUITests.debug.xcconfig */,
				E4B481E8EBEF9FE2904A53DE /* Pods-Test-TestUITests.release.xcconfig */,
				72282947451C18AFF720DBF1 /* Pods-TestTests.debug.xcconfig */,
				3DABEFFE606AD37F6C6035CC /* Pods-TestTests.release.xcconfig */,
			);
			path = Pods;
			sourceTree = "<group>";
		};
		4E228860F19EA75E465B0EEF /* Frameworks */ = {
			isa = PBXGroup;
			children = (
				0586A67DEE8A120D0BBE4A82 /* Pods_Test.framework */,
				1E9981C1BA6CBCF6615F0E11 /* Pods_Test_TestUITests.framework */,
				B920B552EC6B3F192A3848F7 /* Pods_TestTests.framework */,
			);
			name = Frameworks;
			sourceTree = "<group>";
		};
		F139D3D028E6F4DA00BB549F = {
			isa = PBXGroup;
			children = (
				F139D3DB28E6F4DA00BB549F /* Test */,
				F139D3F528E6F4DE00BB549F /* TestTests */,
				F139D3FF28E6F4DE00BB549F /* TestUITests */,
				F139D3DA28E6F4DA00BB549F /* Products */,
				0A16EEF3785EEA054BFAC16A /* Pods */,
				4E228860F19EA75E465B0EEF /* Frameworks */,
			);
			sourceTree = "<group>";
		};
		F139D3DA28E6F4DA00BB549F /* Products */ = {
			isa = PBXGroup;
			children = (
				F139D3D928E6F4DA00BB549F /* Test.app */,
				F139D3F228E6F4DE00BB549F /* TestTests.xctest */,
				F139D3FC28E6F4DE00BB549F /* TestUITests.xctest */,
			);
			name = Products;
			sourceTree = "<group>";
		};
		F139D3DB28E6F4DA00BB549F /* Test */ = {
			isa = PBXGroup;
			children = (
				F139D3DC28E6F4DA00BB549F /* AppDelegate.swift */,
				F139D3DE28E6F4DA00BB549F /* SceneDelegate.swift */,
				F15B32AA28E7040A00CAF4CB /* Model */,
				F15B32BA28E72A6200CAF4CB /* View */,
				F15B32A728E7040400CAF4CB /* Controller */,
				F15B32BC28E72A9C00CAF4CB /* Helper */,
				F139D3E828E6F4DE00BB549F /* Assets.xcassets */,
				F139D3EA28E6F4DE00BB549F /* LaunchScreen.storyboard */,
				F139D3ED28E6F4DE00BB549F /* Info.plist */,
				F139D3E528E6F4DA00BB549F /* Test.xcdatamodeld */,
			);
			path = Test;
			sourceTree = "<group>";
		};
		F139D3F528E6F4DE00BB549F /* TestTests */ = {
			isa = PBXGroup;
			children = (
				F139D3F628E6F4DE00BB549F /* TestTests.swift */,
			);
			path = TestTests;
			sourceTree = "<group>";
		};
		F139D3FF28E6F4DE00BB549F /* TestUITests */ = {
			isa = PBXGroup;
			children = (
				F139D40028E6F4DE00BB549F /* TestUITests.swift */,
				F139D40228E6F4DE00BB549F /* TestUITestsLaunchTests.swift */,
			);
			path = TestUITests;
			sourceTree = "<group>";
		};
		F15B32A728E7040400CAF4CB /* Controller */ = {
			isa = PBXGroup;
			children = (
				F15B32A828E7040400CAF4CB /* ProductPageViewController.swift */,
			);
			path = Controller;
			sourceTree = "<group>";
		};
		F15B32AA28E7040A00CAF4CB /* Model */ = {
			isa = PBXGroup;
			children = (
				F15B32AB28E7040A00CAF4CB /* Rating.swift */,
				F15B32AC28E7040A00CAF4CB /* Product.swift */,
			);
			path = Model;
			sourceTree = "<group>";
		};
		F15B32AF28E7040F00CAF4CB /* CollectionViewCell */ = {
			isa = PBXGroup;
			children = (
				F15B32B028E7040F00CAF4CB /* CatalogCollectionViewCell.swift */,
				F15B32B128E7040F00CAF4CB /* CatalogCollectionViewCell.xib */,
			);
			path = CollectionViewCell;
			sourceTree = "<group>";
		};
		F15B32B428E7044B00CAF4CB /* StoryBoard */ = {
			isa = PBXGroup;
			children = (
				F15B32B528E7044B00CAF4CB /* Main.storyboard */,
			);
			path = StoryBoard;
			sourceTree = "<group>";
		};
		F15B32BA28E72A6200CAF4CB /* View */ = {
			isa = PBXGroup;
			children = (
				F15B32BB28E72A7400CAF4CB /* Components */,
				F15B32B428E7044B00CAF4CB /* StoryBoard */,
			);
			path = View;
			sourceTree = "<group>";
		};
		F15B32BB28E72A7400CAF4CB /* Components */ = {
			isa = PBXGroup;
			children = (
				F15B32AF28E7040F00CAF4CB /* CollectionViewCell */,
			);
			path = Components;
			sourceTree = "<group>";
		};
		F15B32BC28E72A9C00CAF4CB /* Helper */ = {
			isa = PBXGroup;
			children = (
				F15B32BD28E7312600CAF4CB /* APIEndpoint.swift */,
				F15B32B828E705B400CAF4CB /* Networking.swift */,
			);
			path = Helper;
			sourceTree = "<group>";
		};
/* End PBXGroup section */

/* Begin PBXNativeTarget section */
		F139D3D828E6F4DA00BB549F /* Test */ = {
			isa = PBXNativeTarget;
			buildConfigurationList = F139D40628E6F4DE00BB549F /* Build configuration list for PBXNativeTarget "Test" */;
			buildPhases = (
				372BDB0EE0F339CC93CB2BA7 /* [CP] Check Pods Manifest.lock */,
				F139D3D528E6F4DA00BB549F /* Sources */,
				F139D3D628E6F4DA00BB549F /* Frameworks */,
				F139D3D728E6F4DA00BB549F /* Resources */,
				96B47BB8F748FB31BB9DE6C5 /* [CP] Embed Pods Frameworks */,
			);
			buildRules = (
			);
			dependencies = (
			);
			name = Test;
			productName = Test;
			productReference = F139D3D928E6F4DA00BB549F /* Test.app */;
			productType = "com.apple.product-type.application";
		};
		F139D3F128E6F4DE00BB549F /* TestTests */ = {
			isa = PBXNativeTarget;
			buildConfigurationList = F139D40928E6F4DE00BB549F /* Build configuration list for PBXNativeTarget "TestTests" */;
			buildPhases = (
				F283FF2E388AE6B41B76AEEC /* [CP] Check Pods Manifest.lock */,
				F139D3EE28E6F4DE00BB549F /* Sources */,
				F139D3EF28E6F4DE00BB549F /* Frameworks */,
				F139D3F028E6F4DE00BB549F /* Resources */,
			);
			buildRules = (
			);
			dependencies = (
				F139D3F428E6F4DE00BB549F /* PBXTargetDependency */,
			);
			name = TestTests;
			productName = TestTests;
			productReference = F139D3F228E6F4DE00BB549F /* TestTests.xctest */;
			productType = "com.apple.product-type.bundle.unit-test";
		};
		F139D3FB28E6F4DE00BB549F /* TestUITests */ = {
			isa = PBXNativeTarget;
			buildConfigurationList = F139D40C28E6F4DE00BB549F /* Build configuration list for PBXNativeTarget "TestUITests" */;
			buildPhases = (
				E6F987AC4749EC12352B0850 /* [CP] Check Pods Manifest.lock */,
				F139D3F828E6F4DE00BB549F /* Sources */,
				F139D3F928E6F4DE00BB549F /* Frameworks */,
				F139D3FA28E6F4DE00BB549F /* Resources */,
				1932386CD159C05F2A17A89B /* [CP] Embed Pods Frameworks */,
			);
			buildRules = (
			);
			dependencies = (
				F139D3FE28E6F4DE00BB549F /* PBXTargetDependency */,
			);
			name = TestUITests;
			productName = TestUITests;
			productReference = F139D3FC28E6F4DE00BB549F /* TestUITests.xctest */;
			productType = "com.apple.product-type.bundle.ui-testing";
		};
/* End PBXNativeTarget section */

/* Begin PBXProject section */
		F139D3D128E6F4DA00BB549F /* Project object */ = {
			isa = PBXProject;
			attributes = {
				BuildIndependentTargetsInParallel = 1;
				LastSwiftUpdateCheck = 1400;
				LastUpgradeCheck = 1400;
				TargetAttributes = {
					F139D3D828E6F4DA00BB549F = {
						CreatedOnToolsVersion = 14.0;
					};
					F139D3F128E6F4DE00BB549F = {
						CreatedOnToolsVersion = 14.0;
						TestTargetID = F139D3D828E6F4DA00BB549F;
					};
					F139D3FB28E6F4DE00BB549F = {
						CreatedOnToolsVersion = 14.0;
						TestTargetID = F139D3D828E6F4DA00BB549F;
					};
				};
			};
			buildConfigurationList = F139D3D428E6F4DA00BB549F /* Build configuration list for PBXProject "Test" */;
			compatibilityVersion = "Xcode 14.0";
			developmentRegion = en;
			hasScannedForEncodings = 0;
			knownRegions = (
				en,
				Base,
			);
			mainGroup = F139D3D028E6F4DA00BB549F;
			productRefGroup = F139D3DA28E6F4DA00BB549F /* Products */;
			projectDirPath = "";
			projectRoot = "";
			targets = (
				F139D3D828E6F4DA00BB549F /* Test */,
				F139D3F128E6F4DE00BB549F /* TestTests */,
				F139D3FB28E6F4DE00BB549F /* TestUITests */,
			);
		};
/* End PBXProject section */

/* Begin PBXResourcesBuildPhase section */
		F139D3D728E6F4DA00BB549F /* Resources */ = {
			isa = PBXResourcesBuildPhase;
			buildActionMask = 2147483647;
			files = (
				F15B32B328E7040F00CAF4CB /* CatalogCollectionViewCell.xib in Resources */,
				F139D3EC28E6F4DE00BB549F /* LaunchScreen.storyboard in Resources */,
				F139D3E928E6F4DE00BB549F /* Assets.xcassets in Resources */,
				F15B32B728E7044B00CAF4CB /* Main.storyboard in Resources */,
			);
			runOnlyForDeploymentPostprocessing = 0;
		};
		F139D3F028E6F4DE00BB549F /* Resources */ = {
			isa = PBXResourcesBuildPhase;
			buildActionMask = 2147483647;
			files = (
			);
			runOnlyForDeploymentPostprocessing = 0;
		};
		F139D3FA28E6F4DE00BB549F /* Resources */ = {
			isa = PBXResourcesBuildPhase;
			buildActionMask = 2147483647;
			files = (
			);
			runOnlyForDeploymentPostprocessing = 0;
		};
/* End PBXResourcesBuildPhase section */

/* Begin PBXShellScriptBuildPhase section */
		1932386CD159C05F2A17A89B /* [CP] Embed Pods Frameworks */ = {
			isa = PBXShellScriptBuildPhase;
			buildActionMask = 2147483647;
			files = (
			);
			inputFileListPaths = (
				"${PODS_ROOT}/Target Support Files/Pods-Test-TestUITests/Pods-Test-TestUITests-frameworks-${CONFIGURATION}-input-files.xcfilelist",
			);
			name = "[CP] Embed Pods Frameworks";
			outputFileListPaths = (
				"${PODS_ROOT}/Target Support Files/Pods-Test-TestUITests/Pods-Test-TestUITests-frameworks-${CONFIGURATION}-output-files.xcfilelist",
			);
			runOnlyForDeploymentPostprocessing = 0;
			shellPath = /bin/sh;
			shellScript = "\"${PODS_ROOT}/Target Support Files/Pods-Test-TestUITests/Pods-Test-TestUITests-frameworks.sh\"\n";
			showEnvVarsInLog = 0;
		};
		372BDB0EE0F339CC93CB2BA7 /* [CP] Check Pods Manifest.lock */ = {
			isa = PBXShellScriptBuildPhase;
			buildActionMask = 2147483647;
			files = (
			);
			inputFileListPaths = (
			);
			inputPaths = (
				"${PODS_PODFILE_DIR_PATH}/Podfile.lock",
				"${PODS_ROOT}/Manifest.lock",
			);
			name = "[CP] Check Pods Manifest.lock";
			outputFileListPaths = (
			);
			outputPaths = (
				"$(DERIVED_FILE_DIR)/Pods-Test-checkManifestLockResult.txt",
			);
			runOnlyForDeploymentPostprocessing = 0;
			shellPath = /bin/sh;
			shellScript = "diff \"${PODS_PODFILE_DIR_PATH}/Podfile.lock\" \"${PODS_ROOT}/Manifest.lock\" > /dev/null\nif [ $? != 0 ] ; then\n    # print error to STDERR\n    echo \"error: The sandbox is not in sync with the Podfile.lock. Run 'pod install' or update your CocoaPods installation.\" >&2\n    exit 1\nfi\n# This output is used by Xcode 'outputs' to avoid re-running this script phase.\necho \"SUCCESS\" > \"${SCRIPT_OUTPUT_FILE_0}\"\n";
			showEnvVarsInLog = 0;
		};
		96B47BB8F748FB31BB9DE6C5 /* [CP] Embed Pods Frameworks */ = {
			isa = PBXShellScriptBuildPhase;
			buildActionMask = 2147483647;
			files = (
			);
			inputFileListPaths = (
				"${PODS_ROOT}/Target Support Files/Pods-Test/Pods-Test-frameworks-${CONFIGURATION}-input-files.xcfilelist",
			);
			name = "[CP] Embed Pods Frameworks";
			outputFileListPaths = (
				"${PODS_ROOT}/Target Support Files/Pods-Test/Pods-Test-frameworks-${CONFIGURATION}-output-files.xcfilelist",
			);
			runOnlyForDeploymentPostprocessing = 0;
			shellPath = /bin/sh;
			shellScript = "\"${PODS_ROOT}/Target Support Files/Pods-Test/Pods-Test-frameworks.sh\"\n";
			showEnvVarsInLog = 0;
		};
		E6F987AC4749EC12352B0850 /* [CP] Check Pods Manifest.lock */ = {
			isa = PBXShellScriptBuildPhase;
			buildActionMask = 2147483647;
			files = (
			);
			inputFileListPaths = (
			);
			inputPaths = (
				"${PODS_PODFILE_DIR_PATH}/Podfile.lock",
				"${PODS_ROOT}/Manifest.lock",
			);
			name = "[CP] Check Pods Manifest.lock";
			outputFileListPaths = (
			);
			outputPaths = (
				"$(DERIVED_FILE_DIR)/Pods-Test-TestUITests-checkManifestLockResult.txt",
			);
			runOnlyForDeploymentPostprocessing = 0;
			shellPath = /bin/sh;
			shellScript = "diff \"${PODS_PODFILE_DIR_PATH}/Podfile.lock\" \"${PODS_ROOT}/Manifest.lock\" > /dev/null\nif [ $? != 0 ] ; then\n    # print error to STDERR\n    echo \"error: The sandbox is not in sync with the Podfile.lock. Run 'pod install' or update your CocoaPods installation.\" >&2\n    exit 1\nfi\n# This output is used by Xcode 'outputs' to avoid re-running this script phase.\necho \"SUCCESS\" > \"${SCRIPT_OUTPUT_FILE_0}\"\n";
			showEnvVarsInLog = 0;
		};
		F283FF2E388AE6B41B76AEEC /* [CP] Check Pods Manifest.lock */ = {
			isa = PBXShellScriptBuildPhase;
			buildActionMask = 2147483647;
			files = (
			);
			inputFileListPaths = (
			);
			inputPaths = (
				"${PODS_PODFILE_DIR_PATH}/Podfile.lock",
				"${PODS_ROOT}/Manifest.lock",
			);
			name = "[CP] Check Pods Manifest.lock";
			outputFileListPaths = (
			);
			outputPaths = (
				"$(DERIVED_FILE_DIR)/Pods-TestTests-checkManifestLockResult.txt",
			);
			runOnlyForDeploymentPostprocessing = 0;
			shellPath = /bin/sh;
			shellScript = "diff \"${PODS_PODFILE_DIR_PATH}/Podfile.lock\" \"${PODS_ROOT}/Manifest.lock\" > /dev/null\nif [ $? != 0 ] ; then\n    # print error to STDERR\n    echo \"error: The sandbox is not in sync with the Podfile.lock. Run 'pod install' or update your CocoaPods installation.\" >&2\n    exit 1\nfi\n# This output is used by Xcode 'outputs' to avoid re-running this script phase.\necho \"SUCCESS\" > \"${SCRIPT_OUTPUT_FILE_0}\"\n";
			showEnvVarsInLog = 0;
		};
/* End PBXShellScriptBuildPhase section */

/* Begin PBXSourcesBuildPhase section */
		F139D3D528E6F4DA00BB549F /* Sources */ = {
			isa = PBXSourcesBuildPhase;
			buildActionMask = 2147483647;
			files = (
				F15B32AD28E7040A00CAF4CB /* Rating.swift in Sources */,
				F15B32BE28E7312600CAF4CB /* APIEndpoint.swift in Sources */,
				F15B32A928E7040400CAF4CB /* ProductPageViewController.swift in Sources */,
				F139D3E728E6F4DA00BB549F /* Test.xcdatamodeld in Sources */,
				F15B32B928E705B400CAF4CB /* Networking.swift in Sources */,
				F15B32B228E7040F00CAF4CB /* CatalogCollectionViewCell.swift in Sources */,
				F139D3DD28E6F4DA00BB549F /* AppDelegate.swift in Sources */,
				F139D3DF28E6F4DA00BB549F /* SceneDelegate.swift in Sources */,
				F15B32AE28E7040A00CAF4CB /* Product.swift in Sources */,
			);
			runOnlyForDeploymentPostprocessing = 0;
		};
		F139D3EE28E6F4DE00BB549F /* Sources */ = {
			isa = PBXSourcesBuildPhase;
			buildActionMask = 2147483647;
			files = (
				F139D3F728E6F4DE00BB549F /* TestTests.swift in Sources */,
				F15B32C028E73A7B00CAF4CB /* APIEndpoint.swift in Sources */,
				F15B32BF28E7391200CAF4CB /* Networking.swift in Sources */,
			);
			runOnlyForDeploymentPostprocessing = 0;
		};
		F139D3F828E6F4DE00BB549F /* Sources */ = {
			isa = PBXSourcesBuildPhase;
			buildActionMask = 2147483647;
			files = (
				F139D40328E6F4DE00BB549F /* TestUITestsLaunchTests.swift in Sources */,
				F139D40128E6F4DE00BB549F /* TestUITests.swift in Sources */,
			);
			runOnlyForDeploymentPostprocessing = 0;
		};
/* End PBXSourcesBuildPhase section */

/* Begin PBXTargetDependency section */
		F139D3F428E6F4DE00BB549F /* PBXTargetDependency */ = {
			isa = PBXTargetDependency;
			target = F139D3D828E6F4DA00BB549F /* Test */;
			targetProxy = F139D3F328E6F4DE00BB549F /* PBXContainerItemProxy */;
		};
		F139D3FE28E6F4DE00BB549F /* PBXTargetDependency */ = {
			isa = PBXTargetDependency;
			target = F139D3D828E6F4DA00BB549F /* Test */;
			targetProxy = F139D3FD28E6F4DE00BB549F /* PBXContainerItemProxy */;
		};
/* End PBXTargetDependency section */

/* Begin PBXVariantGroup section */
		F139D3EA28E6F4DE00BB549F /* LaunchScreen.storyboard */ = {
			isa = PBXVariantGroup;
			children = (
				F139D3EB28E6F4DE00BB549F /* Base */,
			);
			name = LaunchScreen.storyboard;
			sourceTree = "<group>";
		};
		F15B32B528E7044B00CAF4CB /* Main.storyboard */ = {
			isa = PBXVariantGroup;
			children = (
				F15B32B628E7044B00CAF4CB /* Base */,
			);
			name = Main.storyboard;
			sourceTree = "<group>";
		};
/* End PBXVariantGroup section */

/* Begin XCBuildConfiguration section */
		F139D40428E6F4DE00BB549F /* Debug */ = {
			isa = XCBuildConfiguration;
			buildSettings = {
				ALWAYS_SEARCH_USER_PATHS = NO;
				CLANG_ANALYZER_NONNULL = YES;
				CLANG_ANALYZER_NUMBER_OBJECT_CONVERSION = YES_AGGRESSIVE;
				CLANG_CXX_LANGUAGE_STANDARD = "gnu++17";
				CLANG_ENABLE_MODULES = YES;
				CLANG_ENABLE_OBJC_ARC = YES;
				CLANG_ENABLE_OBJC_WEAK = YES;
				CLANG_WARN_BLOCK_CAPTURE_AUTORELEASING = YES;
				CLANG_WARN_BOOL_CONVERSION = YES;
				CLANG_WARN_COMMA = YES;
				CLANG_WARN_CONSTANT_CONVERSION = YES;
				CLANG_WARN_DEPRECATED_OBJC_IMPLEMENTATIONS = YES;
				CLANG_WARN_DIRECT_OBJC_ISA_USAGE = YES_ERROR;
				CLANG_WARN_DOCUMENTATION_COMMENTS = YES;
				CLANG_WARN_EMPTY_BODY = YES;
				CLANG_WARN_ENUM_CONVERSION = YES;
				CLANG_WARN_INFINITE_RECURSION = YES;
				CLANG_WARN_INT_CONVERSION = YES;
				CLANG_WARN_NON_LITERAL_NULL_CONVERSION = YES;
				CLANG_WARN_OBJC_IMPLICIT_RETAIN_SELF = YES;
				CLANG_WARN_OBJC_LITERAL_CONVERSION = YES;
				CLANG_WARN_OBJC_ROOT_CLASS = YES_ERROR;
				CLANG_WARN_QUOTED_INCLUDE_IN_FRAMEWORK_HEADER = YES;
				CLANG_WARN_RANGE_LOOP_ANALYSIS = YES;
				CLANG_WARN_STRICT_PROTOTYPES = YES;
				CLANG_WARN_SUSPICIOUS_MOVE = YES;
				CLANG_WARN_UNGUARDED_AVAILABILITY = YES_AGGRESSIVE;
				CLANG_WARN_UNREACHABLE_CODE = YES;
				CLANG_WARN__DUPLICATE_METHOD_MATCH = YES;
				COPY_PHASE_STRIP = NO;
				DEBUG_INFORMATION_FORMAT = dwarf;
				ENABLE_STRICT_OBJC_MSGSEND = YES;
				ENABLE_TESTABILITY = YES;
				GCC_C_LANGUAGE_STANDARD = gnu11;
				GCC_DYNAMIC_NO_PIC = NO;
				GCC_NO_COMMON_BLOCKS = YES;
				GCC_OPTIMIZATION_LEVEL = 0;
				GCC_PREPROCESSOR_DEFINITIONS = (
					"DEBUG=1",
					"$(inherited)",
				);
				GCC_WARN_64_TO_32_BIT_CONVERSION = YES;
				GCC_WARN_ABOUT_RETURN_TYPE = YES_ERROR;
				GCC_WARN_UNDECLARED_SELECTOR = YES;
				GCC_WARN_UNINITIALIZED_AUTOS = YES_AGGRESSIVE;
				GCC_WARN_UNUSED_FUNCTION = YES;
				GCC_WARN_UNUSED_VARIABLE = YES;
				IPHONEOS_DEPLOYMENT_TARGET = 16.0;
				MTL_ENABLE_DEBUG_INFO = INCLUDE_SOURCE;
				MTL_FAST_MATH = YES;
				ONLY_ACTIVE_ARCH = YES;
				SDKROOT = iphoneos;
				SWIFT_ACTIVE_COMPILATION_CONDITIONS = DEBUG;
				SWIFT_OPTIMIZATION_LEVEL = "-Onone";
			};
			name = Debug;
		};
		F139D40528E6F4DE00BB549F /* Release */ = {
			isa = XCBuildConfiguration;
			buildSettings = {
				ALWAYS_SEARCH_USER_PATHS = NO;
				CLANG_ANALYZER_NONNULL = YES;
				CLANG_ANALYZER_NUMBER_OBJECT_CONVERSION = YES_AGGRESSIVE;
				CLANG_CXX_LANGUAGE_STANDARD = "gnu++17";
				CLANG_ENABLE_MODULES = YES;
				CLANG_ENABLE_OBJC_ARC = YES;
				CLANG_ENABLE_OBJC_WEAK = YES;
				CLANG_WARN_BLOCK_CAPTURE_AUTORELEASING = YES;
				CLANG_WARN_BOOL_CONVERSION = YES;
				CLANG_WARN_COMMA = YES;
				CLANG_WARN_CONSTANT_CONVERSION = YES;
				CLANG_WARN_DEPRECATED_OBJC_IMPLEMENTATIONS = YES;
				CLANG_WARN_DIRECT_OBJC_ISA_USAGE = YES_ERROR;
				CLANG_WARN_DOCUMENTATION_COMMENTS = YES;
				CLANG_WARN_EMPTY_BODY = YES;
				CLANG_WARN_ENUM_CONVERSION = YES;
				CLANG_WARN_INFINITE_RECURSION = YES;
				CLANG_WARN_INT_CONVERSION = YES;
				CLANG_WARN_NON_LITERAL_NULL_CONVERSION = YES;
				CLANG_WARN_OBJC_IMPLICIT_RETAIN_SELF = YES;
				CLANG_WARN_OBJC_LITERAL_CONVERSION = YES;
				CLANG_WARN_OBJC_ROOT_CLASS = YES_ERROR;
				CLANG_WARN_QUOTED_INCLUDE_IN_FRAMEWORK_HEADER = YES;
				CLANG_WARN_RANGE_LOOP_ANALYSIS = YES;
				CLANG_WARN_STRICT_PROTOTYPES = YES;
				CLANG_WARN_SUSPICIOUS_MOVE = YES;
				CLANG_WARN_UNGUARDED_AVAILABILITY = YES_AGGRESSIVE;
				CLANG_WARN_UNREACHABLE_CODE = YES;
				CLANG_WARN__DUPLICATE_METHOD_MATCH = YES;
				COPY_PHASE_STRIP = NO;
				DEBUG_INFORMATION_FORMAT = "dwarf-with-dsym";
				ENABLE_NS_ASSERTIONS = NO;
				ENABLE_STRICT_OBJC_MSGSEND = YES;
				GCC_C_LANGUAGE_STANDARD = gnu11;
				GCC_NO_COMMON_BLOCKS = YES;
				GCC_WARN_64_TO_32_BIT_CONVERSION = YES;
				GCC_WARN_ABOUT_RETURN_TYPE = YES_ERROR;
				GCC_WARN_UNDECLARED_SELECTOR = YES;
				GCC_WARN_UNINITIALIZED_AUTOS = YES_AGGRESSIVE;
				GCC_WARN_UNUSED_FUNCTION = YES;
				GCC_WARN_UNUSED_VARIABLE = YES;
				IPHONEOS_DEPLOYMENT_TARGET = 16.0;
				MTL_ENABLE_DEBUG_INFO = NO;
				MTL_FAST_MATH = YES;
				SDKROOT = iphoneos;
				SWIFT_COMPILATION_MODE = wholemodule;
				SWIFT_OPTIMIZATION_LEVEL = "-O";
				VALIDATE_PRODUCT = YES;
			};
			name = Release;
		};
		F139D40728E6F4DE00BB549F /* Debug */ = {
			isa = XCBuildConfiguration;
			baseConfigurationReference = 1B9BD97A7F1A3F44D5DAD659 /* Pods-Test.debug.xcconfig */;
			buildSettings = {
				ASSETCATALOG_COMPILER_APPICON_NAME = AppIcon;
				ASSETCATALOG_COMPILER_GLOBAL_ACCENT_COLOR_NAME = AccentColor;
				CODE_SIGN_STYLE = Automatic;
				CURRENT_PROJECT_VERSION = 1;
				DEVELOPMENT_TEAM = J286DXAZ52;
				GENERATE_INFOPLIST_FILE = YES;
				INFOPLIST_FILE = Test/Info.plist;
				INFOPLIST_KEY_UIApplicationSupportsIndirectInputEvents = YES;
				INFOPLIST_KEY_UILaunchStoryboardName = LaunchScreen;
				INFOPLIST_KEY_UIMainStoryboardFile = Main;
				INFOPLIST_KEY_UISupportedInterfaceOrientations_iPad = "UIInterfaceOrientationPortrait UIInterfaceOrientationPortraitUpsideDown UIInterfaceOrientationLandscapeLeft UIInterfaceOrientationLandscapeRight";
				INFOPLIST_KEY_UISupportedInterfaceOrientations_iPhone = "UIInterfaceOrientationPortrait UIInterfaceOrientationLandscapeLeft UIInterfaceOrientationLandscapeRight";
				LD_RUNPATH_SEARCH_PATHS = (
					"$(inherited)",
					"@executable_path/Frameworks",
				);
				MARKETING_VERSION = 1.0;
				PRODUCT_BUNDLE_IDENTIFIER = reyhan.Test;
				PRODUCT_NAME = "$(TARGET_NAME)";
				SUPPORTED_PLATFORMS = "iphoneos iphonesimulator";
				SUPPORTS_MACCATALYST = NO;
				SUPPORTS_MAC_DESIGNED_FOR_IPHONE_IPAD = NO;
				SWIFT_EMIT_LOC_STRINGS = YES;
				SWIFT_VERSION = 5.0;
				TARGETED_DEVICE_FAMILY = "1,2";
			};
			name = Debug;
		};
		F139D40828E6F4DE00BB549F /* Release */ = {
			isa = XCBuildConfiguration;
			baseConfigurationReference = 40EAFD228114562A81F9C439 /* Pods-Test.release.xcconfig */;
			buildSettings = {
				ASSETCATALOG_COMPILER_APPICON_NAME = AppIcon;
				ASSETCATALOG_COMPILER_GLOBAL_ACCENT_COLOR_NAME = AccentColor;
				CODE_SIGN_STYLE = Automatic;
				CURRENT_PROJECT_VERSION = 1;
				DEVELOPMENT_TEAM = J286DXAZ52;
				GENERATE_INFOPLIST_FILE = YES;
				INFOPLIST_FILE = Test/Info.plist;
				INFOPLIST_KEY_UIApplicationSupportsIndirectInputEvents = YES;
				INFOPLIST_KEY_UILaunchStoryboardName = LaunchScreen;
				INFOPLIST_KEY_UIMainStoryboardFile = Main;
				INFOPLIST_KEY_UISupportedInterfaceOrientations_iPad = "UIInterfaceOrientationPortrait UIInterfaceOrientationPortraitUpsideDown UIInterfaceOrientationLandscapeLeft UIInterfaceOrientationLandscapeRight";
				INFOPLIST_KEY_UISupportedInterfaceOrientations_iPhone = "UIInterfaceOrientationPortrait UIInterfaceOrientationLandscapeLeft UIInterfaceOrientationLandscapeRight";
				LD_RUNPATH_SEARCH_PATHS = (
					"$(inherited)",
					"@executable_path/Frameworks",
				);
				MARKETING_VERSION = 1.0;
				PRODUCT_BUNDLE_IDENTIFIER = reyhan.Test;
				PRODUCT_NAME = "$(TARGET_NAME)";
				SUPPORTED_PLATFORMS = "iphoneos iphonesimulator";
				SUPPORTS_MACCATALYST = NO;
				SUPPORTS_MAC_DESIGNED_FOR_IPHONE_IPAD = NO;
				SWIFT_EMIT_LOC_STRINGS = YES;
				SWIFT_VERSION = 5.0;
				TARGETED_DEVICE_FAMILY = "1,2";
			};
			name = Release;
		};
		F139D40A28E6F4DE00BB549F /* Debug */ = {
			isa = XCBuildConfiguration;
			baseConfigurationReference = 72282947451C18AFF720DBF1 /* Pods-TestTests.debug.xcconfig */;
			buildSettings = {
				ALWAYS_EMBED_SWIFT_STANDARD_LIBRARIES = YES;
				BUNDLE_LOADER = "$(TEST_HOST)";
				CODE_SIGN_STYLE = Automatic;
				CURRENT_PROJECT_VERSION = 1;
				DEVELOPMENT_TEAM = J286DXAZ52;
				GENERATE_INFOPLIST_FILE = YES;
				IPHONEOS_DEPLOYMENT_TARGET = 16.0;
				MARKETING_VERSION = 1.0;
				PRODUCT_BUNDLE_IDENTIFIER = reyhan.TestTests;
				PRODUCT_NAME = "$(TARGET_NAME)";
				SWIFT_EMIT_LOC_STRINGS = NO;
				SWIFT_VERSION = 5.0;
				TARGETED_DEVICE_FAMILY = "1,2";
				TEST_HOST = "$(BUILT_PRODUCTS_DIR)/Test.app/$(BUNDLE_EXECUTABLE_FOLDER_PATH)/Test";
			};
			name = Debug;
		};
		F139D40B28E6F4DE00BB549F /* Release */ = {
			isa = XCBuildConfiguration;
			baseConfigurationReference = 3DABEFFE606AD37F6C6035CC /* Pods-TestTests.release.xcconfig */;
			buildSettings = {
				ALWAYS_EMBED_SWIFT_STANDARD_LIBRARIES = YES;
				BUNDLE_LOADER = "$(TEST_HOST)";
				CODE_SIGN_STYLE = Automatic;
				CURRENT_PROJECT_VERSION = 1;
				DEVELOPMENT_TEAM = J286DXAZ52;
				GENERATE_INFOPLIST_FILE = YES;
				IPHONEOS_DEPLOYMENT_TARGET = 16.0;
				MARKETING_VERSION = 1.0;
				PRODUCT_BUNDLE_IDENTIFIER = reyhan.TestTests;
				PRODUCT_NAME = "$(TARGET_NAME)";
				SWIFT_EMIT_LOC_STRINGS = NO;
				SWIFT_VERSION = 5.0;
				TARGETED_DEVICE_FAMILY = "1,2";
				TEST_HOST = "$(BUILT_PRODUCTS_DIR)/Test.app/$(BUNDLE_EXECUTABLE_FOLDER_PATH)/Test";
			};
			name = Release;
		};
		F139D40D28E6F4DE00BB549F /* Debug */ = {
			isa = XCBuildConfiguration;
			baseConfigurationReference = 4ABE048BA2F5F5915D4820B3 /* Pods-Test-TestUITests.debug.xcconfig */;
			buildSettings = {
				ALWAYS_EMBED_SWIFT_STANDARD_LIBRARIES = YES;
				CODE_SIGN_STYLE = Automatic;
				CURRENT_PROJECT_VERSION = 1;
				DEVELOPMENT_TEAM = J286DXAZ52;
				GENERATE_INFOPLIST_FILE = YES;
				MARKETING_VERSION = 1.0;
				PRODUCT_BUNDLE_IDENTIFIER = reyhan.TestUITests;
				PRODUCT_NAME = "$(TARGET_NAME)";
				SWIFT_EMIT_LOC_STRINGS = NO;
				SWIFT_VERSION = 5.0;
				TARGETED_DEVICE_FAMILY = "1,2";
				TEST_TARGET_NAME = Test;
			};
			name = Debug;
		};
		F139D40E28E6F4DE00BB549F /* Release */ = {
			isa = XCBuildConfiguration;
			baseConfigurationReference = E4B481E8EBEF9FE2904A53DE /* Pods-Test-TestUITests.release.xcconfig */;
			buildSettings = {
				ALWAYS_EMBED_SWIFT_STANDARD_LIBRARIES = YES;
				CODE_SIGN_STYLE = Automatic;
				CURRENT_PROJECT_VERSION = 1;
				DEVELOPMENT_TEAM = J286DXAZ52;
				GENERATE_INFOPLIST_FILE = YES;
				MARKETING_VERSION = 1.0;
				PRODUCT_BUNDLE_IDENTIFIER = reyhan.TestUITests;
				PRODUCT_NAME = "$(TARGET_NAME)";
				SWIFT_EMIT_LOC_STRINGS = NO;
				SWIFT_VERSION = 5.0;
				TARGETED_DEVICE_FAMILY = "1,2";
				TEST_TARGET_NAME = Test;
			};
			name = Release;
		};
/* End XCBuildConfiguration section */

/* Begin XCConfigurationList section */
		F139D3D428E6F4DA00BB549F /* Build configuration list for PBXProject "Test" */ = {
			isa = XCConfigurationList;
			buildConfigurations = (
				F139D40428E6F4DE00BB549F /* Debug */,
				F139D40528E6F4DE00BB549F /* Release */,
			);
			defaultConfigurationIsVisible = 0;
			defaultConfigurationName = Release;
		};
		F139D40628E6F4DE00BB549F /* Build configuration list for PBXNativeTarget "Test" */ = {
			isa = XCConfigurationList;
			buildConfigurations = (
				F139D40728E6F4DE00BB549F /* Debug */,
				F139D40828E6F4DE00BB549F /* Release */,
			);
			defaultConfigurationIsVisible = 0;
			defaultConfigurationName = Release;
		};
		F139D40928E6F4DE00BB549F /* Build configuration list for PBXNativeTarget "TestTests" */ = {
			isa = XCConfigurationList;
			buildConfigurations = (
				F139D40A28E6F4DE00BB549F /* Debug */,
				F139D40B28E6F4DE00BB549F /* Release */,
			);
			defaultConfigurationIsVisible = 0;
			defaultConfigurationName = Release;
		};
		F139D40C28E6F4DE00BB549F /* Build configuration list for PBXNativeTarget "TestUITests" */ = {
			isa = XCConfigurationList;
			buildConfigurations = (
				F139D40D28E6F4DE00BB549F /* Debug */,
				F139D40E28E6F4DE00BB549F /* Release */,
			);
			defaultConfigurationIsVisible = 0;
			defaultConfigurationName = Release;
		};
/* End XCConfigurationList section */

/* Begin XCVersionGroup section */
		F139D3E528E6F4DA00BB549F /* Test.xcdatamodeld */ = {
			isa = XCVersionGroup;
			children = (
				F139D3E628E6F4DA00BB549F /* Test.xcdatamodel */,
			);
			currentVersion = F139D3E628E6F4DA00BB549F /* Test.xcdatamodel */;
			path = Test.xcdatamodeld;
			sourceTree = "<group>";
			versionGroupType = wrapper.xcdatamodel;
		};
/* End XCVersionGroup section */
	};
	rootObject = F139D3D128E6F4DA00BB549F /* Project object */;
}
